<?xml version="1.0" encoding="utf-8"?>
<Project ToolsVersion="4.0" xmlns="http://schemas.microsoft.com/developer/msbuild/2003">
  <ItemGroup>
    <Filter Include="Source Files">
      <UniqueIdentifier>{4FC737F1-C7A5-4376-A066-2A32D752A2FF}</UniqueIdentifier>
      <Extensions>cpp;c;cc;cxx;def;odl;idl;hpj;bat;asm;asmx</Extensions>
    </Filter>
    <Filter Include="Header Files">
      <UniqueIdentifier>{93995380-89BD-4b04-88EB-625FBE52EBFB}</UniqueIdentifier>
      <Extensions>h;hh;hpp;hxx;hm;inl;inc;xsd</Extensions>
    </Filter>
    <Filter Include="Resource Files">
      <UniqueIdentifier>{67DA6AB6-F800-4c08-8B7A-83BB121AAD01}</UniqueIdentifier>
      <Extensions>rc;ico;cur;bmp;dlg;rc2;rct;bin;rgs;gif;jpg;jpeg;jpe;resx;tiff;tif;png;wav;mfcribbon-ms</Extensions>
    </Filter>
  </ItemGroup>
  <ItemGroup>
    <ClInclude Include="AIMPSoundcloud.h">
      <Filter>Header Files</Filter>
    </ClInclude>
    <ClInclude Include="resource.h">
      <Filter>Header Files</Filter>
    </ClInclude>
    <ClInclude Include="IUnknownInterfaceImpl.h">
      <Filter>Header Files</Filter>
    </ClInclude>
    <ClInclude Include="TcpServer.h">
      <Filter>Header Files</Filter>
    </ClInclude>
    <ClInclude Include="Tools.h">
      <Filter>Header Files</Filter>
    </ClInclude>
    <ClInclude Include="AimpHTTP.h">
      <Filter>Header Files</Filter>
    </ClInclude>
    <ClInclude Include="OptionsDialog.h">
      <Filter>Header Files</Filter>
    </ClInclude>
    <ClInclude Include="Config.h">
      <Filter>Header Files</Filter>
    </ClInclude>
    <ClInclude Include="GdiPlusImageLoader.h">
      <Filter>Header Files</Filter>
    </ClInclude>
    <ClInclude Include="SoundCloudAPI.h">
      <Filter>Header Files</Filter>
    </ClInclude>
    <ClInclude Include="AimpMenu.h">
      <Filter>Header Files</Filter>
    </ClInclude>
    <ClInclude Include="AddURLDialog.h">
      <Filter>Header Files</Filter>
    </ClInclude>
    <ClInclude Include="MessageHook.h">
      <Filter>Header Files</Filter>
    </ClInclude>
    <ClInclude Include="Timer.h">
      <Filter>Header Files</Filter>
    </ClInclude>
    <ClInclude Include="PlaylistListener.h">
      <Filter>Header Files</Filter>
    </ClInclude>
    <ClInclude Include="FileSystem.h">
      <Filter>Header Files</Filter>
    </ClInclude>
    <ClInclude Include="PlayerHook.h">
      <Filter>Header Files</Filter>
    </ClInclude>
    <ClInclude Include="ArtworkProvider.h">
      <Filter>Header Files</Filter>
    </ClInclude>
    <ClInclude Include="ExclusionsDialog.h">
      <Filter>Header Files</Filter>
    </ClInclude>
    <ClInclude Include="Headers.h">
      <Filter>Header Files</Filter>
    </ClInclude>
    <ClInclude Include="include\Common.h">
      <Filter>Header Files</Filter>
    </ClInclude>
    <ClInclude Include="include\Headers.h">
      <Filter>Header Files</Filter>
    </ClInclude>
    <ClInclude Include="include\stdafx.h">
      <Filter>Header Files</Filter>
    </ClInclude>
    <ClInclude Include="include\AimpApi\AimpSdk.h">
      <Filter>Header Files</Filter>
    </ClInclude>
    <ClInclude Include="include\AimpApi\AimpObject.h">
      <Filter>Header Files</Filter>
    </ClInclude>
    <ClInclude Include="include\AimpApi\AimpString.h">
      <Filter>Header Files</Filter>
    </ClInclude>
    <ClInclude Include="include\AimpApi\AimpCore.h">
      <Filter>Header Files</Filter>
    </ClInclude>
    <ClInclude Include="include\AimpApi\AimpPlugin.h">
      <Filter>Header Files</Filter>
    </ClInclude>
  </ItemGroup>
  <ItemGroup>
    <ClCompile Include="source\TcpServer.cpp">
      <Filter>Source Files</Filter>
    </ClCompile>
    <ClCompile Include="source\stdafx.cpp">
      <Filter>Source Files</Filter>
    </ClCompile>
    <ClCompile Include="source\SoundCloudAPI.cpp">
      <Filter>Source Files</Filter>
    </ClCompile>
    <ClCompile Include="source\PlaylistListener.cpp">
      <Filter>Source Files</Filter>
    </ClCompile>
    <ClCompile Include="source\PlayerHook.cpp">
      <Filter>Source Files</Filter>
    </ClCompile>
    <ClCompile Include="source\OptionsDialog.cpp">
      <Filter>Source Files</Filter>
    </ClCompile>
    <ClCompile Include="source\MessageHook.cpp">
      <Filter>Source Files</Filter>
    </ClCompile>
    <ClCompile Include="source\FileSystem.cpp">
      <Filter>Source Files</Filter>
    </ClCompile>
    <ClCompile Include="source\ExclusionsDialog.cpp">
      <Filter>Source Files</Filter>
    </ClCompile>
    <ClCompile Include="source\dllmain.cpp">
      <Filter>Source Files</Filter>
    </ClCompile>
    <ClCompile Include="source\Config.cpp">
      <Filter>Source Files</Filter>
    </ClCompile>
    <ClCompile Include="source\ArtworkProvider.cpp">
      <Filter>Source Files</Filter>
    </ClCompile>
    <ClCompile Include="source\AIMPString.cpp">
      <Filter>Source Files</Filter>
    </ClCompile>
    <ClCompile Include="source\AIMPSoundcloud.cpp">
      <Filter>Source Files</Filter>
    </ClCompile>
    <ClCompile Include="source\AimpMenu.cpp">
      <Filter>Source Files</Filter>
    </ClCompile>
    <ClCompile Include="source\AimpHTTP.cpp">
      <Filter>Source Files</Filter>
    </ClCompile>
    <ClCompile Include="source\AimpCore.cpp">
      <Filter>Source Files</Filter>
    </ClCompile>
    <ClCompile Include="source\AddURLDialog.cpp">
      <Filter>Source Files</Filter>
    </ClCompile>
    <ClCompile Include="source\Timer.cpp">
      <Filter>Source Files</Filter>
    </ClCompile>
    <ClCompile Include="source\Tools.cpp">
      <Filter>Source Files</Filter>
    </ClCompile>
    <ClCompile Include="source\AimpApi\AimpString.cpp">
      <Filter>Source Files</Filter>
    </ClCompile>
  </ItemGroup>
  <ItemGroup>
    <None Include="AIMPSoundcloud.def">
      <Filter>Source Files</Filter>
    </None>
    <None Include="Resources\connect_status.html">
      <Filter>Resource Files</Filter>
    </None>
    <None Include="Properties.props" />
  </ItemGroup>
  <ItemGroup>
    <ResourceCompile Include="AIMPSoundcloud.rc">
      <Filter>Resource Files</Filter>
    </ResourceCompile>
  </ItemGroup>
  <ItemGroup>
    <Image Include="Resources\icon.png">
      <Filter>Resource Files</Filter>
    </Image>
    <Image Include="Resources\orange_logo.png">
      <Filter>Resource Files</Filter>
    </Image>
    <Image Include="Resources\white_logo.png">
      <Filter>Resource Files</Filter>
    </Image>
  </ItemGroup>
</Project>